// !$*UTF8*$!
{
	archiveVersion = 1;
	classes = {
	};
	objectVersion = 45;
	objects = {

/* Begin PBXBuildFile section */
		1D3623260D0F684500981E51 /* Mobile_MKAbeFookAppDelegate.m in Sources */ = {isa = PBXBuildFile; fileRef = 1D3623250D0F684500981E51 /* Mobile_MKAbeFookAppDelegate.m */; };
		1D3623EC0D0F72F000981E51 /* CoreGraphics.framework in Frameworks */ = {isa = PBXBuildFile; fileRef = 1D3623EB0D0F72F000981E51 /* CoreGraphics.framework */; };
		1D60589B0D05DD56006BFB54 /* main.m in Sources */ = {isa = PBXBuildFile; fileRef = 29B97316FDCFA39411CA2CEA /* main.m */; };
		1D60589F0D05DD5A006BFB54 /* Foundation.framework in Frameworks */ = {isa = PBXBuildFile; fileRef = 1D30AB110D05D00D00671497 /* Foundation.framework */; };
		1DF5F4E00D08C38300B7A737 /* UIKit.framework in Frameworks */ = {isa = PBXBuildFile; fileRef = 1DF5F4DF0D08C38300B7A737 /* UIKit.framework */; };
		27B1144C0DAD9E15004F0E9B /* CXMLElement.m in Sources */ = {isa = PBXBuildFile; fileRef = 27B1143E0DAD9E15004F0E9B /* CXMLElement.m */; };
		27B1144D0DAD9E15004F0E9B /* CXMLDocumentAdditions.m in Sources */ = {isa = PBXBuildFile; fileRef = 27B114410DAD9E15004F0E9B /* CXMLDocumentAdditions.m */; };
		27B1144E0DAD9E15004F0E9B /* CXMLDocument_PrivateExtensions.m in Sources */ = {isa = PBXBuildFile; fileRef = 27B114430DAD9E15004F0E9B /* CXMLDocument_PrivateExtensions.m */; };
		27B1144F0DAD9E15004F0E9B /* CXMLDocument.m in Sources */ = {isa = PBXBuildFile; fileRef = 27B114450DAD9E15004F0E9B /* CXMLDocument.m */; };
		27B114500DAD9E15004F0E9B /* CXMLNode.m in Sources */ = {isa = PBXBuildFile; fileRef = 27B114460DAD9E15004F0E9B /* CXMLNode.m */; };
		27B114510DAD9E15004F0E9B /* CXMLElementAdditions.m in Sources */ = {isa = PBXBuildFile; fileRef = 27B114480DAD9E15004F0E9B /* CXMLElementAdditions.m */; };
		27B114520DAD9E15004F0E9B /* CXMLNode_PrivateExtensions.m in Sources */ = {isa = PBXBuildFile; fileRef = 27B1144A0DAD9E15004F0E9B /* CXMLNode_PrivateExtensions.m */; };
		27B1145E0DAD9EB6004F0E9B /* QuartzCore.framework in Frameworks */ = {isa = PBXBuildFile; fileRef = 27B1145D0DAD9EB6004F0E9B /* QuartzCore.framework */; };
		27F420CF0D9DD055000520D3 /* MMKFacebook.m in Sources */ = {isa = PBXBuildFile; fileRef = 27F420CD0D9DD055000520D3 /* MMKFacebook.m */; };
		27F420FF0D9DD2DE000520D3 /* MMKLoginViewController.m in Sources */ = {isa = PBXBuildFile; fileRef = 27F420FD0D9DD2DE000520D3 /* MMKLoginViewController.m */; };
		27F4214A0D9DDD6B000520D3 /* MMKFacebookRequest.m in Sources */ = {isa = PBXBuildFile; fileRef = 27F421490D9DDD6B000520D3 /* MMKFacebookRequest.m */; };
		27F421540D9DDEBE000520D3 /* CocoaCryptoHashing.m in Sources */ = {isa = PBXBuildFile; fileRef = 27F421530D9DDEBE000520D3 /* CocoaCryptoHashing.m */; };
/* End PBXBuildFile section */

/* Begin PBXFileReference section */
		1D30AB110D05D00D00671497 /* Foundation.framework */ = {isa = PBXFileReference; lastKnownFileType = wrapper.framework; name = Foundation.framework; path = System/Library/Frameworks/Foundation.framework; sourceTree = SDKROOT; };
		1D3623240D0F684500981E51 /* Mobile_MKAbeFookAppDelegate.h */ = {isa = PBXFileReference; fileEncoding = 4; lastKnownFileType = sourcecode.c.h; path = Mobile_MKAbeFookAppDelegate.h; sourceTree = "<group>"; };
		1D3623250D0F684500981E51 /* Mobile_MKAbeFookAppDelegate.m */ = {isa = PBXFileReference; fileEncoding = 4; lastKnownFileType = sourcecode.c.objc; path = Mobile_MKAbeFookAppDelegate.m; sourceTree = "<group>"; };
		1D3623EB0D0F72F000981E51 /* CoreGraphics.framework */ = {isa = PBXFileReference; lastKnownFileType = wrapper.framework; name = CoreGraphics.framework; path = System/Library/Frameworks/CoreGraphics.framework; sourceTree = SDKROOT; };
		1D6058910D05DD3D006BFB54 /* Mobile MKAbeFook.app */ = {isa = PBXFileReference; explicitFileType = wrapper.application; includeInIndex = 0; path = "Mobile MKAbeFook.app"; sourceTree = BUILT_PRODUCTS_DIR; };
		1DF5F4DF0D08C38300B7A737 /* UIKit.framework */ = {isa = PBXFileReference; lastKnownFileType = wrapper.framework; name = UIKit.framework; path = System/Library/Frameworks/UIKit.framework; sourceTree = SDKROOT; };
		27B1143E0DAD9E15004F0E9B /* CXMLElement.m */ = {isa = PBXFileReference; fileEncoding = 4; lastKnownFileType = sourcecode.c.objc; name = CXMLElement.m; path = CXML/CXMLElement.m; sourceTree = "<group>"; };
		27B1143F0DAD9E15004F0E9B /* CXMLElement.h */ = {isa = PBXFileReference; fileEncoding = 4; lastKnownFileType = sourcecode.c.h; name = CXMLElement.h; path = CXML/CXMLElement.h; sourceTree = "<group>"; };
		27B114400DAD9E15004F0E9B /* CXMLDocument.h */ = {isa = PBXFileReference; fileEncoding = 4; lastKnownFileType = sourcecode.c.h; name = CXMLDocument.h; path = CXML/CXMLDocument.h; sourceTree = "<group>"; };
		27B114410DAD9E15004F0E9B /* CXMLDocumentAdditions.m */ = {isa = PBXFileReference; fileEncoding = 4; lastKnownFileType = sourcecode.c.objc; name = CXMLDocumentAdditions.m; path = CXML/CXMLDocumentAdditions.m; sourceTree = "<group>"; };
		27B114420DAD9E15004F0E9B /* CXMLDocumentAdditions.h */ = {isa = PBXFileReference; fileEncoding = 4; lastKnownFileType = sourcecode.c.h; name = CXMLDocumentAdditions.h; path = CXML/CXMLDocumentAdditions.h; sourceTree = "<group>"; };
		27B114430DAD9E15004F0E9B /* CXMLDocument_PrivateExtensions.m */ = {isa = PBXFileReference; fileEncoding = 4; lastKnownFileType = sourcecode.c.objc; name = CXMLDocument_PrivateExtensions.m; path = CXML/CXMLDocument_PrivateExtensions.m; sourceTree = "<group>"; };
		27B114440DAD9E15004F0E9B /* CXMLDocument_PrivateExtensions.h */ = {isa = PBXFileReference; fileEncoding = 4; lastKnownFileType = sourcecode.c.h; name = CXMLDocument_PrivateExtensions.h; path = CXML/CXMLDocument_PrivateExtensions.h; sourceTree = "<group>"; };
		27B114450DAD9E15004F0E9B /* CXMLDocument.m */ = {isa = PBXFileReference; fileEncoding = 4; lastKnownFileType = sourcecode.c.objc; name = CXMLDocument.m; path = CXML/CXMLDocument.m; sourceTree = "<group>"; };
		27B114460DAD9E15004F0E9B /* CXMLNode.m */ = {isa = PBXFileReference; fileEncoding = 4; lastKnownFileType = sourcecode.c.objc; name = CXMLNode.m; path = CXML/CXMLNode.m; sourceTree = "<group>"; };
		27B114470DAD9E15004F0E9B /* CXMLNode.h */ = {isa = PBXFileReference; fileEncoding = 4; lastKnownFileType = sourcecode.c.h; name = CXMLNode.h; path = CXML/CXMLNode.h; sourceTree = "<group>"; };
		27B114480DAD9E15004F0E9B /* CXMLElementAdditions.m */ = {isa = PBXFileReference; fileEncoding = 4; lastKnownFileType = sourcecode.c.objc; name = CXMLElementAdditions.m; path = CXML/CXMLElementAdditions.m; sourceTree = "<group>"; };
		27B114490DAD9E15004F0E9B /* CXMLElementAdditions.h */ = {isa = PBXFileReference; fileEncoding = 4; lastKnownFileType = sourcecode.c.h; name = CXMLElementAdditions.h; path = CXML/CXMLElementAdditions.h; sourceTree = "<group>"; };
		27B1144A0DAD9E15004F0E9B /* CXMLNode_PrivateExtensions.m */ = {isa = PBXFileReference; fileEncoding = 4; lastKnownFileType = sourcecode.c.objc; name = CXMLNode_PrivateExtensions.m; path = CXML/CXMLNode_PrivateExtensions.m; sourceTree = "<group>"; };
		27B1144B0DAD9E15004F0E9B /* CXMLNode_PrivateExtensions.h */ = {isa = PBXFileReference; fileEncoding = 4; lastKnownFileType = sourcecode.c.h; name = CXMLNode_PrivateExtensions.h; path = CXML/CXMLNode_PrivateExtensions.h; sourceTree = "<group>"; };
		27B1145D0DAD9EB6004F0E9B /* QuartzCore.framework */ = {isa = PBXFileReference; lastKnownFileType = wrapper.framework; name = QuartzCore.framework; path = System/Library/Frameworks/QuartzCore.framework; sourceTree = SDKROOT; };
		27F420CD0D9DD055000520D3 /* MMKFacebook.m */ = {isa = PBXFileReference; fileEncoding = 4; lastKnownFileType = sourcecode.c.objc; path = MMKFacebook.m; sourceTree = "<group>"; };
		27F420CE0D9DD055000520D3 /* MMKFacebook.h */ = {isa = PBXFileReference; fileEncoding = 4; lastKnownFileType = sourcecode.c.h; path = MMKFacebook.h; sourceTree = "<group>"; };
		27F420FD0D9DD2DE000520D3 /* MMKLoginViewController.m */ = {isa = PBXFileReference; fileEncoding = 4; lastKnownFileType = sourcecode.c.objc; path = MMKLoginViewController.m; sourceTree = "<group>"; };
		27F420FE0D9DD2DE000520D3 /* MMKLoginViewController.h */ = {isa = PBXFileReference; fileEncoding = 4; lastKnownFileType = sourcecode.c.h; path = MMKLoginViewController.h; sourceTree = "<group>"; };
		27F421480D9DDD6B000520D3 /* MMKFacebookRequest.h */ = {isa = PBXFileReference; fileEncoding = 4; lastKnownFileType = sourcecode.c.h; path = MMKFacebookRequest.h; sourceTree = "<group>"; };
		27F421490D9DDD6B000520D3 /* MMKFacebookRequest.m */ = {isa = PBXFileReference; fileEncoding = 4; lastKnownFileType = sourcecode.c.objc; path = MMKFacebookRequest.m; sourceTree = "<group>"; };
		27F421520D9DDEBE000520D3 /* CocoaCryptoHashing.h */ = {isa = PBXFileReference; fileEncoding = 4; lastKnownFileType = sourcecode.c.h; path = CocoaCryptoHashing.h; sourceTree = "<group>"; };
		27F421530D9DDEBE000520D3 /* CocoaCryptoHashing.m */ = {isa = PBXFileReference; fileEncoding = 4; lastKnownFileType = sourcecode.c.objc; path = CocoaCryptoHashing.m; sourceTree = "<group>"; };
		29B97316FDCFA39411CA2CEA /* main.m */ = {isa = PBXFileReference; fileEncoding = 4; lastKnownFileType = sourcecode.c.objc; path = main.m; sourceTree = "<group>"; };
		32CA4F630368D1EE00C91783 /* Mobile MKAbeFook_Prefix.pch */ = {isa = PBXFileReference; fileEncoding = 4; lastKnownFileType = sourcecode.c.h; path = "Mobile MKAbeFook_Prefix.pch"; sourceTree = "<group>"; };
		8D1107310486CEB800E47090 /* Info.plist */ = {isa = PBXFileReference; fileEncoding = 4; lastKnownFileType = text.plist.xml; path = Info.plist; sourceTree = "<group>"; };
/* End PBXFileReference section */

/* Begin PBXFrameworksBuildPhase section */
		1D60588F0D05DD3D006BFB54 /* Frameworks */ = {
			isa = PBXFrameworksBuildPhase;
			buildActionMask = 2147483647;
			files = (
				1D60589F0D05DD5A006BFB54 /* Foundation.framework in Frameworks */,
				1DF5F4E00D08C38300B7A737 /* UIKit.framework in Frameworks */,
				1D3623EC0D0F72F000981E51 /* CoreGraphics.framework in Frameworks */,
				27B1145E0DAD9EB6004F0E9B /* QuartzCore.framework in Frameworks */,
			);
			runOnlyForDeploymentPostprocessing = 0;
		};
/* End PBXFrameworksBuildPhase section */

/* Begin PBXGroup section */
		080E96DDFE201D6D7F000001 /* Classes */ = {
			isa = PBXGroup;
			children = (
				27F421520D9DDEBE000520D3 /* CocoaCryptoHashing.h */,
				27F421530D9DDEBE000520D3 /* CocoaCryptoHashing.m */,
				27F421480D9DDD6B000520D3 /* MMKFacebookRequest.h */,
				27F421490D9DDD6B000520D3 /* MMKFacebookRequest.m */,
				27F420FE0D9DD2DE000520D3 /* MMKLoginViewController.h */,
				27F420FD0D9DD2DE000520D3 /* MMKLoginViewController.m */,
				27F420CE0D9DD055000520D3 /* MMKFacebook.h */,
				27F420CD0D9DD055000520D3 /* MMKFacebook.m */,
				1D3623240D0F684500981E51 /* Mobile_MKAbeFookAppDelegate.h */,
				1D3623250D0F684500981E51 /* Mobile_MKAbeFookAppDelegate.m */,
			);
			path = Classes;
			sourceTree = "<group>";
		};
		1058C7A0FEA54F0111CA2CBB /* Linked Frameworks */ = {
			isa = PBXGroup;
			children = (
				27B1145D0DAD9EB6004F0E9B /* QuartzCore.framework */,
				1D3623EB0D0F72F000981E51 /* CoreGraphics.framework */,
				1DF5F4DF0D08C38300B7A737 /* UIKit.framework */,
				1D30AB110D05D00D00671497 /* Foundation.framework */,
			);
			name = "Linked Frameworks";
			sourceTree = "<group>";
		};
		1058C7A2FEA54F0111CA2CBB /* Other Frameworks */ = {
			isa = PBXGroup;
			children = (
			);
			name = "Other Frameworks";
			sourceTree = "<group>";
		};
		19C28FACFE9D520D11CA2CBB /* Products */ = {
			isa = PBXGroup;
			children = (
				1D6058910D05DD3D006BFB54 /* Mobile MKAbeFook.app */,
			);
			name = Products;
			sourceTree = "<group>";
		};
		27B114390DAD9E09004F0E9B /* CXML */ = {
			isa = PBXGroup;
			children = (
				27B1143E0DAD9E15004F0E9B /* CXMLElement.m */,
				27B1143F0DAD9E15004F0E9B /* CXMLElement.h */,
				27B114400DAD9E15004F0E9B /* CXMLDocument.h */,
				27B114410DAD9E15004F0E9B /* CXMLDocumentAdditions.m */,
				27B114420DAD9E15004F0E9B /* CXMLDocumentAdditions.h */,
				27B114430DAD9E15004F0E9B /* CXMLDocument_PrivateExtensions.m */,
				27B114440DAD9E15004F0E9B /* CXMLDocument_PrivateExtensions.h */,
				27B114450DAD9E15004F0E9B /* CXMLDocument.m */,
				27B114460DAD9E15004F0E9B /* CXMLNode.m */,
				27B114470DAD9E15004F0E9B /* CXMLNode.h */,
				27B114480DAD9E15004F0E9B /* CXMLElementAdditions.m */,
				27B114490DAD9E15004F0E9B /* CXMLElementAdditions.h */,
				27B1144A0DAD9E15004F0E9B /* CXMLNode_PrivateExtensions.m */,
				27B1144B0DAD9E15004F0E9B /* CXMLNode_PrivateExtensions.h */,
			);
			name = CXML;
			sourceTree = "<group>";
		};
		29B97314FDCFA39411CA2CEA /* CustomTemplate */ = {
			isa = PBXGroup;
			children = (
				27B114390DAD9E09004F0E9B /* CXML */,
				080E96DDFE201D6D7F000001 /* Classes */,
				29B97315FDCFA39411CA2CEA /* Other Sources */,
				29B97317FDCFA39411CA2CEA /* Resources */,
				29B97323FDCFA39411CA2CEA /* Frameworks */,
				19C28FACFE9D520D11CA2CBB /* Products */,
			);
			name = CustomTemplate;
			sourceTree = "<group>";
		};
		29B97315FDCFA39411CA2CEA /* Other Sources */ = {
			isa = PBXGroup;
			children = (
				32CA4F630368D1EE00C91783 /* Mobile MKAbeFook_Prefix.pch */,
				29B97316FDCFA39411CA2CEA /* main.m */,
			);
			name = "Other Sources";
			sourceTree = "<group>";
		};
		29B97317FDCFA39411CA2CEA /* Resources */ = {
			isa = PBXGroup;
			children = (
				8D1107310486CEB800E47090 /* Info.plist */,
			);
			name = Resources;
			sourceTree = "<group>";
		};
		29B97323FDCFA39411CA2CEA /* Frameworks */ = {
			isa = PBXGroup;
			children = (
				1058C7A0FEA54F0111CA2CBB /* Linked Frameworks */,
				1058C7A2FEA54F0111CA2CBB /* Other Frameworks */,
			);
			name = Frameworks;
			sourceTree = "<group>";
		};
/* End PBXGroup section */

/* Begin PBXNativeTarget section */
		1D6058900D05DD3D006BFB54 /* Mobile MKAbeFook */ = {
			isa = PBXNativeTarget;
			buildConfigurationList = 1D6058960D05DD3E006BFB54 /* Build configuration list for PBXNativeTarget "Mobile MKAbeFook" */;
			buildPhases = (
				1D60588D0D05DD3D006BFB54 /* Resources */,
				1D60588E0D05DD3D006BFB54 /* Sources */,
				1D60588F0D05DD3D006BFB54 /* Frameworks */,
			);
			buildRules = (
			);
			dependencies = (
			);
			name = "Mobile MKAbeFook";
			productName = "Mobile MKAbeFook";
			productReference = 1D6058910D05DD3D006BFB54 /* Mobile MKAbeFook.app */;
			productType = "com.apple.product-type.application";
		};
/* End PBXNativeTarget section */

/* Begin PBXProject section */
		29B97313FDCFA39411CA2CEA /* Project object */ = {
			isa = PBXProject;
			buildConfigurationList = C01FCF4E08A954540054247B /* Build configuration list for PBXProject "Mobile MKAbeFook" */;
			compatibilityVersion = "Xcode 3.1";
			hasScannedForEncodings = 1;
			mainGroup = 29B97314FDCFA39411CA2CEA /* CustomTemplate */;
			projectDirPath = "";
			projectRoot = "";
			targets = (
				1D6058900D05DD3D006BFB54 /* Mobile MKAbeFook */,
			);
		};
/* End PBXProject section */

/* Begin PBXResourcesBuildPhase section */
		1D60588D0D05DD3D006BFB54 /* Resources */ = {
			isa = PBXResourcesBuildPhase;
			buildActionMask = 2147483647;
			files = (
			);
			runOnlyForDeploymentPostprocessing = 0;
		};
/* End PBXResourcesBuildPhase section */

/* Begin PBXSourcesBuildPhase section */
		1D60588E0D05DD3D006BFB54 /* Sources */ = {
			isa = PBXSourcesBuildPhase;
			buildActionMask = 2147483647;
			files = (
				1D60589B0D05DD56006BFB54 /* main.m in Sources */,
				1D3623260D0F684500981E51 /* Mobile_MKAbeFookAppDelegate.m in Sources */,
				27F420CF0D9DD055000520D3 /* MMKFacebook.m in Sources */,
				27F420FF0D9DD2DE000520D3 /* MMKLoginViewController.m in Sources */,
				27F4214A0D9DDD6B000520D3 /* MMKFacebookRequest.m in Sources */,
				27F421540D9DDEBE000520D3 /* CocoaCryptoHashing.m in Sources */,
				27B1144C0DAD9E15004F0E9B /* CXMLElement.m in Sources */,
				27B1144D0DAD9E15004F0E9B /* CXMLDocumentAdditions.m in Sources */,
				27B1144E0DAD9E15004F0E9B /* CXMLDocument_PrivateExtensions.m in Sources */,
				27B1144F0DAD9E15004F0E9B /* CXMLDocument.m in Sources */,
				27B114500DAD9E15004F0E9B /* CXMLNode.m in Sources */,
				27B114510DAD9E15004F0E9B /* CXMLElementAdditions.m in Sources */,
				27B114520DAD9E15004F0E9B /* CXMLNode_PrivateExtensions.m in Sources */,
			);
			runOnlyForDeploymentPostprocessing = 0;
		};
/* End PBXSourcesBuildPhase section */

/* Begin XCBuildConfiguration section */
		1D6058940D05DD3E006BFB54 /* Debug */ = {
			isa = XCBuildConfiguration;
			buildSettings = {
				COPY_PHASE_STRIP = NO;
				DEBUG_INFORMATION_FORMAT = "dwarf-with-dsym";
				FRAMEWORK_SEARCH_PATHS = (
					"$(inherited)",
					"\"$(SDKROOT)$(SYSTEM_LIBRARY_DIR)/PrivateFrameworks\"",
				);
				GCC_DYNAMIC_NO_PIC = NO;
				GCC_ENABLE_FIX_AND_CONTINUE = NO;
				GCC_OPTIMIZATION_LEVEL = 0;
				GCC_PRECOMPILE_PREFIX_HEADER = YES;
				GCC_PREFIX_HEADER = "Mobile MKAbeFook_Prefix.pch";
				HEADER_SEARCH_PATHS = /usr/include/libxml2;
				INFOPLIST_FILE = Info.plist;
				OTHER_LDFLAGS = (
					"-lcrypto",
					"-lxml2",
				);
				PREBINDING = NO;
				PRODUCT_NAME = "Mobile MKAbeFook";
				SDKROOT = iphonesimulator2.0;
			};
			name = Debug;
		};
		1D6058950D05DD3E006BFB54 /* Release */ = {
			isa = XCBuildConfiguration;
			buildSettings = {
				COPY_PHASE_STRIP = YES;
				DEBUG_INFORMATION_FORMAT = "dwarf-with-dsym";
				FRAMEWORK_SEARCH_PATHS = (
					"$(inherited)",
					"\"$(SDKROOT)$(SYSTEM_LIBRARY_DIR)/PrivateFrameworks\"",
				);
				GCC_ENABLE_FIX_AND_CONTINUE = NO;
				GCC_PRECOMPILE_PREFIX_HEADER = YES;
				GCC_PREFIX_HEADER = "Mobile MKAbeFook_Prefix.pch";
				HEADER_SEARCH_PATHS = /usr/include/libxml2;
				INFOPLIST_FILE = Info.plist;
				OTHER_LDFLAGS = (
					"-lcrypto",
					"-lxml2",
				);
				PREBINDING = NO;
				PRODUCT_NAME = "Mobile MKAbeFook";
				SDKROOT = iphonesimulator2.0;
			};
			name = Release;
		};
		C01FCF4F08A954540054247B /* Debug */ = {
			isa = XCBuildConfiguration;
			buildSettings = {
				ALWAYS_SEARCH_USER_PATHS = NO;
				ARCHS = "$(ARCHS_STANDARD_32_BIT)";
				"CODE_SIGN_IDENTITY[sdk=iphoneos*]" = "iPhone Developer";
				GCC_C_LANGUAGE_STANDARD = c99;
				GCC_WARN_ABOUT_RETURN_TYPE = YES;
				GCC_WARN_UNUSED_VARIABLE = YES;
				ONLY_ACTIVE_ARCH = YES;
				PREBINDING = NO;
				SDKROOT = iphoneos2.0;
			};
			name = Debug;
		};
		C01FCF5008A954540054247B /* Release */ = {
			isa = XCBuildConfiguration;
			buildSettings = {
				ALWAYS_SEARCH_USER_PATHS = NO;
				ARCHS = "$(ARCHS_STANDARD_32_BIT)";
				GCC_C_LANGUAGE_STANDARD = c99;
				GCC_WARN_ABOUT_RETURN_TYPE = YES;
				GCC_WARN_UNUSED_VARIABLE = YES;
				PREBINDING = NO;
				SDKROOT = iphoneos2.0;
			};
			name = Release;
		};
/* End XCBuildConfiguration section */

/* Begin XCConfigurationList section */
		1D6058960D05DD3E006BFB54 /* Build configuration list for PBXNativeTarget "Mobile MKAbeFook" */ = {
			isa = XCConfigurationList;
			buildConfigurations = (
				1D6058940D05DD3E006BFB54 /* Debug */,
				1D6058950D05DD3E006BFB54 /* Release */,
			);
			defaultConfigurationIsVisible = 0;
			defaultConfigurationName = Release;
		};
		C01FCF4E08A954540054247B /* Build configuration list for PBXProject "Mobile MKAbeFook" */ = {
			isa = XCConfigurationList;
			buildConfigurations = (
				C01FCF4F08A954540054247B /* Debug */,
				C01FCF5008A954540054247B /* Release */,
			);
			defaultConfigurationIsVisible = 0;
			defaultConfigurationName = Release;
		};
/* End XCConfigurationList section */
	};
	rootObject = 29B97313FDCFA39411CA2CEA /* Project object */;
}
